// !$*UTF8*$!
{
	archiveVersion = 1;
	classes = {
	};
	objectVersion = 48;
	objects = {

/* Begin PBXBuildFile section */
		04D10C23202D322C002AA098 /* SaveViewController.swift in Sources */ = {isa = PBXBuildFile; fileRef = 04D10C22202D322C002AA098 /* SaveViewController.swift */; };
		0E48898821E7770B00BCBD2D /* GoogleService-Info.plist in Resources */ = {isa = PBXBuildFile; fileRef = 0E48898721E7770B00BCBD2D /* GoogleService-Info.plist */; };
		0E9F886C21E7847500795628 /* Poppins-Bold.ttf in Resources */ = {isa = PBXBuildFile; fileRef = 0E9F886B21E7841900795628 /* Poppins-Bold.ttf */; };
		0EBA864121E30B3C002E9CFF /* DetailedViewController.swift in Sources */ = {isa = PBXBuildFile; fileRef = 0EBA864021E30B3C002E9CFF /* DetailedViewController.swift */; };
		0EF80E6421DE4E940012CF03 /* CheckMarkCell.swift in Sources */ = {isa = PBXBuildFile; fileRef = 0EF80E6221DE4E940012CF03 /* CheckMarkCell.swift */; };
		0EF80E6521DE4E940012CF03 /* CheckMarkCell.xib in Resources */ = {isa = PBXBuildFile; fileRef = 0EF80E6321DE4E940012CF03 /* CheckMarkCell.xib */; };
		0EF80E6721DE51A30012CF03 /* TableViewCell.swift in Sources */ = {isa = PBXBuildFile; fileRef = 0EF80E6621DE51A30012CF03 /* TableViewCell.swift */; };
		0EF80E7021DE56350012CF03 /* Checked@2x.png in Resources */ = {isa = PBXBuildFile; fileRef = 0EF80E6A21DE55EA0012CF03 /* Checked@2x.png */; };
		0EF80E7121DE56350012CF03 /* Checked@3x.png in Resources */ = {isa = PBXBuildFile; fileRef = 0EF80E6821DE55EA0012CF03 /* Checked@3x.png */; };
		0EF80E7221DE56350012CF03 /* UnChecked@2x.png in Resources */ = {isa = PBXBuildFile; fileRef = 0EF80E6921DE55EA0012CF03 /* UnChecked@2x.png */; };
		0EF80E7321DE56350012CF03 /* UnChecked@3x.png in Resources */ = {isa = PBXBuildFile; fileRef = 0EF80E6B21DE55EA0012CF03 /* UnChecked@3x.png */; };
		1BEEA232202D23F100730F2A /* AppDelegate.swift in Sources */ = {isa = PBXBuildFile; fileRef = 1BEEA231202D23F100730F2A /* AppDelegate.swift */; };
		1BEEA234202D23F100730F2A /* ViewController.swift in Sources */ = {isa = PBXBuildFile; fileRef = 1BEEA233202D23F100730F2A /* ViewController.swift */; };
		1BEEA237202D23F100730F2A /* Main.storyboard in Resources */ = {isa = PBXBuildFile; fileRef = 1BEEA235202D23F100730F2A /* Main.storyboard */; };
		1BEEA23A202D23F100730F2A /* To_Do_List_2_0.xcdatamodeld in Sources */ = {isa = PBXBuildFile; fileRef = 1BEEA238202D23F100730F2A /* To_Do_List_2_0.xcdatamodeld */; };
		1BEEA23C202D23F100730F2A /* Assets.xcassets in Resources */ = {isa = PBXBuildFile; fileRef = 1BEEA23B202D23F100730F2A /* Assets.xcassets */; };
		1BEEA23F202D23F100730F2A /* LaunchScreen.storyboard in Resources */ = {isa = PBXBuildFile; fileRef = 1BEEA23D202D23F100730F2A /* LaunchScreen.storyboard */; };
		1BEEA24A202D23F100730F2A /* To_Do_List_2_0Tests.swift in Sources */ = {isa = PBXBuildFile; fileRef = 1BEEA249202D23F100730F2A /* To_Do_List_2_0Tests.swift */; };
		1BEEA255202D23F100730F2A /* To_Do_List_2_0UITests.swift in Sources */ = {isa = PBXBuildFile; fileRef = 1BEEA254202D23F100730F2A /* To_Do_List_2_0UITests.swift */; };
		1BEEA265202D258C00730F2A /* Global.swift in Sources */ = {isa = PBXBuildFile; fileRef = 1BEEA264202D258C00730F2A /* Global.swift */; };
		32FD742C3A97EAF9E187CEA3 /* Pods_To_Do_List_2_0.framework in Frameworks */ = {isa = PBXBuildFile; fileRef = 5254821B56D05648F4C36803 /* Pods_To_Do_List_2_0.framework */; };
		5CE2C961E932EDC2C9EEB545 /* Pods_To_Do_List_2_0UITests.framework in Frameworks */ = {isa = PBXBuildFile; fileRef = 0B13FB2E9EB01831FF6F27B1 /* Pods_To_Do_List_2_0UITests.framework */; };
		B81DD8597CF8D3546DB55727 /* Pods_To_Do_List_2_0Tests.framework in Frameworks */ = {isa = PBXBuildFile; fileRef = 0EA652B383A77F35CA47A000 /* Pods_To_Do_List_2_0Tests.framework */; };
/* End PBXBuildFile section */

/* Begin PBXContainerItemProxy section */
		1BEEA246202D23F100730F2A /* PBXContainerItemProxy */ = {
			isa = PBXContainerItemProxy;
			containerPortal = 1BEEA226202D23F100730F2A /* Project object */;
			proxyType = 1;
			remoteGlobalIDString = 1BEEA22D202D23F100730F2A;
			remoteInfo = "To Do List 2.0";
		};
		1BEEA251202D23F100730F2A /* PBXContainerItemProxy */ = {
			isa = PBXContainerItemProxy;
			containerPortal = 1BEEA226202D23F100730F2A /* Project object */;
			proxyType = 1;
			remoteGlobalIDString = 1BEEA22D202D23F100730F2A;
			remoteInfo = "To Do List 2.0";
		};
/* End PBXContainerItemProxy section */

/* Begin PBXFileReference section */
		04D10C22202D322C002AA098 /* SaveViewController.swift */ = {isa = PBXFileReference; lastKnownFileType = sourcecode.swift; path = SaveViewController.swift; sourceTree = "<group>"; };
		0B13FB2E9EB01831FF6F27B1 /* Pods_To_Do_List_2_0UITests.framework */ = {isa = PBXFileReference; explicitFileType = wrapper.framework; includeInIndex = 0; path = Pods_To_Do_List_2_0UITests.framework; sourceTree = BUILT_PRODUCTS_DIR; };
		0E48898721E7770B00BCBD2D /* GoogleService-Info.plist */ = {isa = PBXFileReference; fileEncoding = 4; lastKnownFileType = text.plist.xml; path = "GoogleService-Info.plist"; sourceTree = "<group>"; };
		0E9F886B21E7841900795628 /* Poppins-Bold.ttf */ = {isa = PBXFileReference; lastKnownFileType = file; path = "Poppins-Bold.ttf"; sourceTree = "<group>"; };
		0EA652B383A77F35CA47A000 /* Pods_To_Do_List_2_0Tests.framework */ = {isa = PBXFileReference; explicitFileType = wrapper.framework; includeInIndex = 0; path = Pods_To_Do_List_2_0Tests.framework; sourceTree = BUILT_PRODUCTS_DIR; };
		0EBA864021E30B3C002E9CFF /* DetailedViewController.swift */ = {isa = PBXFileReference; lastKnownFileType = sourcecode.swift; path = DetailedViewController.swift; sourceTree = "<group>"; };
		0EF80E6221DE4E940012CF03 /* CheckMarkCell.swift */ = {isa = PBXFileReference; lastKnownFileType = sourcecode.swift; path = CheckMarkCell.swift; sourceTree = "<group>"; };
		0EF80E6321DE4E940012CF03 /* CheckMarkCell.xib */ = {isa = PBXFileReference; lastKnownFileType = file.xib; path = CheckMarkCell.xib; sourceTree = "<group>"; };
		0EF80E6621DE51A30012CF03 /* TableViewCell.swift */ = {isa = PBXFileReference; fileEncoding = 4; lastKnownFileType = sourcecode.swift; path = TableViewCell.swift; sourceTree = "<group>"; };
		0EF80E6821DE55EA0012CF03 /* Checked@3x.png */ = {isa = PBXFileReference; lastKnownFileType = image.png; path = "Checked@3x.png"; sourceTree = "<group>"; };
		0EF80E6921DE55EA0012CF03 /* UnChecked@2x.png */ = {isa = PBXFileReference; lastKnownFileType = image.png; path = "UnChecked@2x.png"; sourceTree = "<group>"; };
		0EF80E6A21DE55EA0012CF03 /* Checked@2x.png */ = {isa = PBXFileReference; lastKnownFileType = image.png; path = "Checked@2x.png"; sourceTree = "<group>"; };
		0EF80E6B21DE55EA0012CF03 /* UnChecked@3x.png */ = {isa = PBXFileReference; lastKnownFileType = image.png; path = "UnChecked@3x.png"; sourceTree = "<group>"; };
		1BEEA22E202D23F100730F2A /* To Do List 2.0.app */ = {isa = PBXFileReference; explicitFileType = wrapper.application; includeInIndex = 0; path = "To Do List 2.0.app"; sourceTree = BUILT_PRODUCTS_DIR; };
		1BEEA231202D23F100730F2A /* AppDelegate.swift */ = {isa = PBXFileReference; lastKnownFileType = sourcecode.swift; path = AppDelegate.swift; sourceTree = "<group>"; };
		1BEEA233202D23F100730F2A /* ViewController.swift */ = {isa = PBXFileReference; lastKnownFileType = sourcecode.swift; path = ViewController.swift; sourceTree = "<group>"; };
		1BEEA236202D23F100730F2A /* Base */ = {isa = PBXFileReference; lastKnownFileType = file.storyboard; name = Base; path = Base.lproj/Main.storyboard; sourceTree = "<group>"; };
		1BEEA239202D23F100730F2A /* To_Do_List_2_0.xcdatamodel */ = {isa = PBXFileReference; lastKnownFileType = wrapper.xcdatamodel; path = To_Do_List_2_0.xcdatamodel; sourceTree = "<group>"; };
		1BEEA23B202D23F100730F2A /* Assets.xcassets */ = {isa = PBXFileReference; lastKnownFileType = folder.assetcatalog; path = Assets.xcassets; sourceTree = "<group>"; };
		1BEEA23E202D23F100730F2A /* Base */ = {isa = PBXFileReference; lastKnownFileType = file.storyboard; name = Base; path = Base.lproj/LaunchScreen.storyboard; sourceTree = "<group>"; };
		1BEEA240202D23F100730F2A /* Info.plist */ = {isa = PBXFileReference; lastKnownFileType = text.plist.xml; path = Info.plist; sourceTree = "<group>"; };
		1BEEA245202D23F100730F2A /* To Do List 2.0Tests.xctest */ = {isa = PBXFileReference; explicitFileType = wrapper.cfbundle; includeInIndex = 0; path = "To Do List 2.0Tests.xctest"; sourceTree = BUILT_PRODUCTS_DIR; };
		1BEEA249202D23F100730F2A /* To_Do_List_2_0Tests.swift */ = {isa = PBXFileReference; lastKnownFileType = sourcecode.swift; path = To_Do_List_2_0Tests.swift; sourceTree = "<group>"; };
		1BEEA24B202D23F100730F2A /* Info.plist */ = {isa = PBXFileReference; lastKnownFileType = text.plist.xml; path = Info.plist; sourceTree = "<group>"; };
		1BEEA250202D23F100730F2A /* To Do List 2.0UITests.xctest */ = {isa = PBXFileReference; explicitFileType = wrapper.cfbundle; includeInIndex = 0; path = "To Do List 2.0UITests.xctest"; sourceTree = BUILT_PRODUCTS_DIR; };
		1BEEA254202D23F100730F2A /* To_Do_List_2_0UITests.swift */ = {isa = PBXFileReference; lastKnownFileType = sourcecode.swift; path = To_Do_List_2_0UITests.swift; sourceTree = "<group>"; };
		1BEEA256202D23F100730F2A /* Info.plist */ = {isa = PBXFileReference; lastKnownFileType = text.plist.xml; path = Info.plist; sourceTree = "<group>"; };
		1BEEA264202D258C00730F2A /* Global.swift */ = {isa = PBXFileReference; lastKnownFileType = sourcecode.swift; path = Global.swift; sourceTree = "<group>"; };
		2A5D3319CA98E89BD71251FA /* Pods-To Do List 2.0.release.xcconfig */ = {isa = PBXFileReference; includeInIndex = 1; lastKnownFileType = text.xcconfig; name = "Pods-To Do List 2.0.release.xcconfig"; path = "Pods/Target Support Files/Pods-To Do List 2.0/Pods-To Do List 2.0.release.xcconfig"; sourceTree = "<group>"; };
		30AB666ADACF28715541C246 /* Pods-To Do List 2.0UITests.debug.xcconfig */ = {isa = PBXFileReference; includeInIndex = 1; lastKnownFileType = text.xcconfig; name = "Pods-To Do List 2.0UITests.debug.xcconfig"; path = "Pods/Target Support Files/Pods-To Do List 2.0UITests/Pods-To Do List 2.0UITests.debug.xcconfig"; sourceTree = "<group>"; };
		49F3C5F47795AEF22F86CA6D /* Pods-To Do List 2.0.debug.xcconfig */ = {isa = PBXFileReference; includeInIndex = 1; lastKnownFileType = text.xcconfig; name = "Pods-To Do List 2.0.debug.xcconfig"; path = "Pods/Target Support Files/Pods-To Do List 2.0/Pods-To Do List 2.0.debug.xcconfig"; sourceTree = "<group>"; };
		50288F09BF0E9C1659217F72 /* Pods-To Do List 2.0Tests.release.xcconfig */ = {isa = PBXFileReference; includeInIndex = 1; lastKnownFileType = text.xcconfig; name = "Pods-To Do List 2.0Tests.release.xcconfig"; path = "Pods/Target Support Files/Pods-To Do List 2.0Tests/Pods-To Do List 2.0Tests.release.xcconfig"; sourceTree = "<group>"; };
		5254821B56D05648F4C36803 /* Pods_To_Do_List_2_0.framework */ = {isa = PBXFileReference; explicitFileType = wrapper.framework; includeInIndex = 0; path = Pods_To_Do_List_2_0.framework; sourceTree = BUILT_PRODUCTS_DIR; };
		8F56C8AC15512B7E00A56F79 /* Pods-To Do List 2.0Tests.debug.xcconfig */ = {isa = PBXFileReference; includeInIndex = 1; lastKnownFileType = text.xcconfig; name = "Pods-To Do List 2.0Tests.debug.xcconfig"; path = "Pods/Target Support Files/Pods-To Do List 2.0Tests/Pods-To Do List 2.0Tests.debug.xcconfig"; sourceTree = "<group>"; };
		931A2221EC1BD737017DE677 /* Pods-To Do List 2.0UITests.release.xcconfig */ = {isa = PBXFileReference; includeInIndex = 1; lastKnownFileType = text.xcconfig; name = "Pods-To Do List 2.0UITests.release.xcconfig"; path = "Pods/Target Support Files/Pods-To Do List 2.0UITests/Pods-To Do List 2.0UITests.release.xcconfig"; sourceTree = "<group>"; };
/* End PBXFileReference section */

/* Begin PBXFrameworksBuildPhase section */
		1BEEA22B202D23F100730F2A /* Frameworks */ = {
			isa = PBXFrameworksBuildPhase;
			buildActionMask = 2147483647;
			files = (
				32FD742C3A97EAF9E187CEA3 /* Pods_To_Do_List_2_0.framework in Frameworks */,
			);
			runOnlyForDeploymentPostprocessing = 0;
		};
		1BEEA242202D23F100730F2A /* Frameworks */ = {
			isa = PBXFrameworksBuildPhase;
			buildActionMask = 2147483647;
			files = (
				B81DD8597CF8D3546DB55727 /* Pods_To_Do_List_2_0Tests.framework in Frameworks */,
			);
			runOnlyForDeploymentPostprocessing = 0;
		};
		1BEEA24D202D23F100730F2A /* Frameworks */ = {
			isa = PBXFrameworksBuildPhase;
			buildActionMask = 2147483647;
			files = (
				5CE2C961E932EDC2C9EEB545 /* Pods_To_Do_List_2_0UITests.framework in Frameworks */,
			);
			runOnlyForDeploymentPostprocessing = 0;
		};
/* End PBXFrameworksBuildPhase section */

/* Begin PBXGroup section */
		1BEEA225202D23F100730F2A = {
			isa = PBXGroup;
			children = (
				1BEEA230202D23F100730F2A /* To Do List 2.0 */,
				1BEEA248202D23F100730F2A /* To Do List 2.0Tests */,
				1BEEA253202D23F100730F2A /* To Do List 2.0UITests */,
				1BEEA22F202D23F100730F2A /* Products */,
				8292C1A8E142222C36246658 /* Pods */,
				3349104561BD06F91D17FF16 /* Frameworks */,
			);
			sourceTree = "<group>";
		};
		1BEEA22F202D23F100730F2A /* Products */ = {
			isa = PBXGroup;
			children = (
				1BEEA22E202D23F100730F2A /* To Do List 2.0.app */,
				1BEEA245202D23F100730F2A /* To Do List 2.0Tests.xctest */,
				1BEEA250202D23F100730F2A /* To Do List 2.0UITests.xctest */,
			);
			name = Products;
			sourceTree = "<group>";
		};
		1BEEA230202D23F100730F2A /* To Do List 2.0 */ = {
			isa = PBXGroup;
			children = (
				0EF80E6A21DE55EA0012CF03 /* Checked@2x.png */,
				0EF80E6821DE55EA0012CF03 /* Checked@3x.png */,
				0EF80E6921DE55EA0012CF03 /* UnChecked@2x.png */,
				0EF80E6B21DE55EA0012CF03 /* UnChecked@3x.png */,
				1BEEA231202D23F100730F2A /* AppDelegate.swift */,
				1BEEA233202D23F100730F2A /* ViewController.swift */,
				0EF80E6621DE51A30012CF03 /* TableViewCell.swift */,
				0EBA864021E30B3C002E9CFF /* DetailedViewController.swift */,
				1BEEA235202D23F100730F2A /* Main.storyboard */,
				04D10C22202D322C002AA098 /* SaveViewController.swift */,
				1BEEA264202D258C00730F2A /* Global.swift */,
				1BEEA23B202D23F100730F2A /* Assets.xcassets */,
				1BEEA23D202D23F100730F2A /* LaunchScreen.storyboard */,
				0E48898721E7770B00BCBD2D /* GoogleService-Info.plist */,
				1BEEA240202D23F100730F2A /* Info.plist */,
				1BEEA238202D23F100730F2A /* To_Do_List_2_0.xcdatamodeld */,
				0EF80E6221DE4E940012CF03 /* CheckMarkCell.swift */,
				0EF80E6321DE4E940012CF03 /* CheckMarkCell.xib */,
				0E9F886B21E7841900795628 /* Poppins-Bold.ttf */,
			);
			path = "To Do List 2.0";
			sourceTree = "<group>";
		};
		1BEEA248202D23F100730F2A /* To Do List 2.0Tests */ = {
			isa = PBXGroup;
			children = (
				1BEEA249202D23F100730F2A /* To_Do_List_2_0Tests.swift */,
				1BEEA24B202D23F100730F2A /* Info.plist */,
			);
			path = "To Do List 2.0Tests";
			sourceTree = "<group>";
		};
		1BEEA253202D23F100730F2A /* To Do List 2.0UITests */ = {
			isa = PBXGroup;
			children = (
				1BEEA254202D23F100730F2A /* To_Do_List_2_0UITests.swift */,
				1BEEA256202D23F100730F2A /* Info.plist */,
			);
			path = "To Do List 2.0UITests";
			sourceTree = "<group>";
		};
		3349104561BD06F91D17FF16 /* Frameworks */ = {
			isa = PBXGroup;
			children = (
				5254821B56D05648F4C36803 /* Pods_To_Do_List_2_0.framework */,
				0EA652B383A77F35CA47A000 /* Pods_To_Do_List_2_0Tests.framework */,
				0B13FB2E9EB01831FF6F27B1 /* Pods_To_Do_List_2_0UITests.framework */,
			);
			name = Frameworks;
			sourceTree = "<group>";
		};
		8292C1A8E142222C36246658 /* Pods */ = {
			isa = PBXGroup;
			children = (
				49F3C5F47795AEF22F86CA6D /* Pods-To Do List 2.0.debug.xcconfig */,
				2A5D3319CA98E89BD71251FA /* Pods-To Do List 2.0.release.xcconfig */,
				8F56C8AC15512B7E00A56F79 /* Pods-To Do List 2.0Tests.debug.xcconfig */,
				50288F09BF0E9C1659217F72 /* Pods-To Do List 2.0Tests.release.xcconfig */,
				30AB666ADACF28715541C246 /* Pods-To Do List 2.0UITests.debug.xcconfig */,
				931A2221EC1BD737017DE677 /* Pods-To Do List 2.0UITests.release.xcconfig */,
			);
			name = Pods;
			sourceTree = "<group>";
		};
/* End PBXGroup section */

/* Begin PBXNativeTarget section */
		1BEEA22D202D23F100730F2A /* To Do List 2.0 */ = {
			isa = PBXNativeTarget;
			buildConfigurationList = 1BEEA259202D23F100730F2A /* Build configuration list for PBXNativeTarget "To Do List 2.0" */;
			buildPhases = (
				70E9CEE48D0641669A031E44 /* [CP] Check Pods Manifest.lock */,
				1BEEA22A202D23F100730F2A /* Sources */,
				1BEEA22B202D23F100730F2A /* Frameworks */,
				1BEEA22C202D23F100730F2A /* Resources */,
				4C00955852A3411790D21D3F /* [CP] Embed Pods Frameworks */,
			);
			buildRules = (
			);
			dependencies = (
			);
			name = "To Do List 2.0";
			productName = "To Do List 2.0";
			productReference = 1BEEA22E202D23F100730F2A /* To Do List 2.0.app */;
			productType = "com.apple.product-type.application";
		};
		1BEEA244202D23F100730F2A /* To Do List 2.0Tests */ = {
			isa = PBXNativeTarget;
			buildConfigurationList = 1BEEA25C202D23F100730F2A /* Build configuration list for PBXNativeTarget "To Do List 2.0Tests" */;
			buildPhases = (
				F00885741539FC297180B9F0 /* [CP] Check Pods Manifest.lock */,
				1BEEA241202D23F100730F2A /* Sources */,
				1BEEA242202D23F100730F2A /* Frameworks */,
				1BEEA243202D23F100730F2A /* Resources */,
			);
			buildRules = (
			);
			dependencies = (
				1BEEA247202D23F100730F2A /* PBXTargetDependency */,
			);
			name = "To Do List 2.0Tests";
			productName = "To Do List 2.0Tests";
			productReference = 1BEEA245202D23F100730F2A /* To Do List 2.0Tests.xctest */;
			productType = "com.apple.product-type.bundle.unit-test";
		};
		1BEEA24F202D23F100730F2A /* To Do List 2.0UITests */ = {
			isa = PBXNativeTarget;
			buildConfigurationList = 1BEEA25F202D23F100730F2A /* Build configuration list for PBXNativeTarget "To Do List 2.0UITests" */;
			buildPhases = (
				7280E43634EF28A1DA8AC78C /* [CP] Check Pods Manifest.lock */,
				1BEEA24C202D23F100730F2A /* Sources */,
				1BEEA24D202D23F100730F2A /* Frameworks */,
				1BEEA24E202D23F100730F2A /* Resources */,
			);
			buildRules = (
			);
			dependencies = (
				1BEEA252202D23F100730F2A /* PBXTargetDependency */,
			);
			name = "To Do List 2.0UITests";
			productName = "To Do List 2.0UITests";
			productReference = 1BEEA250202D23F100730F2A /* To Do List 2.0UITests.xctest */;
			productType = "com.apple.product-type.bundle.ui-testing";
		};
/* End PBXNativeTarget section */

/* Begin PBXProject section */
		1BEEA226202D23F100730F2A /* Project object */ = {
			isa = PBXProject;
			attributes = {
				LastSwiftUpdateCheck = 0920;
				LastUpgradeCheck = 0920;
				ORGANIZATIONNAME = "Yue Fung Lee";
				TargetAttributes = {
					1BEEA22D202D23F100730F2A = {
						CreatedOnToolsVersion = 9.2;
						ProvisioningStyle = Automatic;
					};
					1BEEA244202D23F100730F2A = {
						CreatedOnToolsVersion = 9.2;
						ProvisioningStyle = Automatic;
						TestTargetID = 1BEEA22D202D23F100730F2A;
					};
					1BEEA24F202D23F100730F2A = {
						CreatedOnToolsVersion = 9.2;
						ProvisioningStyle = Automatic;
						TestTargetID = 1BEEA22D202D23F100730F2A;
					};
				};
			};
			buildConfigurationList = 1BEEA229202D23F100730F2A /* Build configuration list for PBXProject "To Do List 2.0" */;
			compatibilityVersion = "Xcode 8.0";
			developmentRegion = en;
			hasScannedForEncodings = 0;
			knownRegions = (
				en,
				Base,
			);
			mainGroup = 1BEEA225202D23F100730F2A;
			productRefGroup = 1BEEA22F202D23F100730F2A /* Products */;
			projectDirPath = "";
			projectRoot = "";
			targets = (
				1BEEA22D202D23F100730F2A /* To Do List 2.0 */,
				1BEEA244202D23F100730F2A /* To Do List 2.0Tests */,
				1BEEA24F202D23F100730F2A /* To Do List 2.0UITests */,
			);
		};
/* End PBXProject section */

/* Begin PBXResourcesBuildPhase section */
		1BEEA22C202D23F100730F2A /* Resources */ = {
			isa = PBXResourcesBuildPhase;
			buildActionMask = 2147483647;
			files = (
				0EF80E7321DE56350012CF03 /* UnChecked@3x.png in Resources */,
				1BEEA23F202D23F100730F2A /* LaunchScreen.storyboard in Resources */,
				0E48898821E7770B00BCBD2D /* GoogleService-Info.plist in Resources */,
				0EF80E7121DE56350012CF03 /* Checked@3x.png in Resources */,
				0EF80E7221DE56350012CF03 /* UnChecked@2x.png in Resources */,
				0EF80E7021DE56350012CF03 /* Checked@2x.png in Resources */,
				1BEEA23C202D23F100730F2A /* Assets.xcassets in Resources */,
				0E9F886C21E7847500795628 /* Poppins-Bold.ttf in Resources */,
				1BEEA237202D23F100730F2A /* Main.storyboard in Resources */,
				0EF80E6521DE4E940012CF03 /* CheckMarkCell.xib in Resources */,
			);
			runOnlyForDeploymentPostprocessing = 0;
		};
		1BEEA243202D23F100730F2A /* Resources */ = {
			isa = PBXResourcesBuildPhase;
			buildActionMask = 2147483647;
			files = (
			);
			runOnlyForDeploymentPostprocessing = 0;
		};
		1BEEA24E202D23F100730F2A /* Resources */ = {
			isa = PBXResourcesBuildPhase;
			buildActionMask = 2147483647;
			files = (
			);
			runOnlyForDeploymentPostprocessing = 0;
		};
/* End PBXResourcesBuildPhase section */

/* Begin PBXShellScriptBuildPhase section */
		4C00955852A3411790D21D3F /* [CP] Embed Pods Frameworks */ = {
			isa = PBXShellScriptBuildPhase;
			buildActionMask = 2147483647;
			files = (
			);
			inputFileListPaths = (
			);
			inputPaths = (
				"${SRCROOT}/Pods/Target Support Files/Pods-To Do List 2.0/Pods-To Do List 2.0-frameworks.sh",
				"${BUILT_PRODUCTS_DIR}/GTMSessionFetcher/GTMSessionFetcher.framework",
				"${BUILT_PRODUCTS_DIR}/GoogleUtilities/GoogleUtilities.framework",
				"${BUILT_PRODUCTS_DIR}/leveldb-library/leveldb.framework",
				"${BUILT_PRODUCTS_DIR}/nanopb/nanopb.framework",
			);
			name = "[CP] Embed Pods Frameworks";
			outputFileListPaths = (
			);
			outputPaths = (
				"${TARGET_BUILD_DIR}/${FRAMEWORKS_FOLDER_PATH}/GTMSessionFetcher.framework",
				"${TARGET_BUILD_DIR}/${FRAMEWORKS_FOLDER_PATH}/GoogleUtilities.framework",
				"${TARGET_BUILD_DIR}/${FRAMEWORKS_FOLDER_PATH}/leveldb.framework",
				"${TARGET_BUILD_DIR}/${FRAMEWORKS_FOLDER_PATH}/nanopb.framework",
			);
			runOnlyForDeploymentPostprocessing = 0;
			shellPath = /bin/sh;
			shellScript = "\"${SRCROOT}/Pods/Target Support Files/Pods-To Do List 2.0/Pods-To Do List 2.0-frameworks.sh\"\n";
			showEnvVarsInLog = 0;
		};
		70E9CEE48D0641669A031E44 /* [CP] Check Pods Manifest.lock */ = {
			isa = PBXShellScriptBuildPhase;
			buildActionMask = 2147483647;
			files = (
			);
			inputFileListPaths = (
			);
			inputPaths = (
				"${PODS_PODFILE_DIR_PATH}/Podfile.lock",
				"${PODS_ROOT}/Manifest.lock",
			);
			name = "[CP] Check Pods Manifest.lock";
			outputFileListPaths = (
			);
			outputPaths = (
				"$(DERIVED_FILE_DIR)/Pods-To Do List 2.0-checkManifestLockResult.txt",
			);
			runOnlyForDeploymentPostprocessing = 0;
			shellPath = /bin/sh;
			shellScript = "diff \"${PODS_PODFILE_DIR_PATH}/Podfile.lock\" \"${PODS_ROOT}/Manifest.lock\" > /dev/null\nif [ $? != 0 ] ; then\n    # print error to STDERR\n    echo \"error: The sandbox is not in sync with the Podfile.lock. Run 'pod install' or update your CocoaPods installation.\" >&2\n    exit 1\nfi\n# This output is used by Xcode 'outputs' to avoid re-running this script phase.\necho \"SUCCESS\" > \"${SCRIPT_OUTPUT_FILE_0}\"\n";
			showEnvVarsInLog = 0;
		};
		7280E43634EF28A1DA8AC78C /* [CP] Check Pods Manifest.lock */ = {
			isa = PBXShellScriptBuildPhase;
			buildActionMask = 2147483647;
			files = (
			);
			inputFileListPaths = (
			);
			inputPaths = (
				"${PODS_PODFILE_DIR_PATH}/Podfile.lock",
				"${PODS_ROOT}/Manifest.lock",
			);
			name = "[CP] Check Pods Manifest.lock";
			outputFileListPaths = (
			);
			outputPaths = (
				"$(DERIVED_FILE_DIR)/Pods-To Do List 2.0UITests-checkManifestLockResult.txt",
			);
			runOnlyForDeploymentPostprocessing = 0;
			shellPath = /bin/sh;
			shellScript = "diff \"${PODS_PODFILE_DIR_PATH}/Podfile.lock\" \"${PODS_ROOT}/Manifest.lock\" > /dev/null\nif [ $? != 0 ] ; then\n    # print error to STDERR\n    echo \"error: The sandbox is not in sync with the Podfile.lock. Run 'pod install' or update your CocoaPods installation.\" >&2\n    exit 1\nfi\n# This output is used by Xcode 'outputs' to avoid re-running this script phase.\necho \"SUCCESS\" > \"${SCRIPT_OUTPUT_FILE_0}\"\n";
			showEnvVarsInLog = 0;
		};
		F00885741539FC297180B9F0 /* [CP] Check Pods Manifest.lock */ = {
			isa = PBXShellScriptBuildPhase;
			buildActionMask = 2147483647;
			files = (
			);
			inputFileListPaths = (
			);
			inputPaths = (
				"${PODS_PODFILE_DIR_PATH}/Podfile.lock",
				"${PODS_ROOT}/Manifest.lock",
			);
			name = "[CP] Check Pods Manifest.lock";
			outputFileListPaths = (
			);
			outputPaths = (
				"$(DERIVED_FILE_DIR)/Pods-To Do List 2.0Tests-checkManifestLockResult.txt",
			);
			runOnlyForDeploymentPostprocessing = 0;
			shellPath = /bin/sh;
			shellScript = "diff \"${PODS_PODFILE_DIR_PATH}/Podfile.lock\" \"${PODS_ROOT}/Manifest.lock\" > /dev/null\nif [ $? != 0 ] ; then\n    # print error to STDERR\n    echo \"error: The sandbox is not in sync with the Podfile.lock. Run 'pod install' or update your CocoaPods installation.\" >&2\n    exit 1\nfi\n# This output is used by Xcode 'outputs' to avoid re-running this script phase.\necho \"SUCCESS\" > \"${SCRIPT_OUTPUT_FILE_0}\"\n";
			showEnvVarsInLog = 0;
		};
/* End PBXShellScriptBuildPhase section */

/* Begin PBXSourcesBuildPhase section */
		1BEEA22A202D23F100730F2A /* Sources */ = {
			isa = PBXSourcesBuildPhase;
			buildActionMask = 2147483647;
			files = (
				1BEEA234202D23F100730F2A /* ViewController.swift in Sources */,
				04D10C23202D322C002AA098 /* SaveViewController.swift in Sources */,
				0EBA864121E30B3C002E9CFF /* DetailedViewController.swift in Sources */,
				1BEEA23A202D23F100730F2A /* To_Do_List_2_0.xcdatamodeld in Sources */,
				0EF80E6421DE4E940012CF03 /* CheckMarkCell.swift in Sources */,
				1BEEA265202D258C00730F2A /* Global.swift in Sources */,
				0EF80E6721DE51A30012CF03 /* TableViewCell.swift in Sources */,
				1BEEA232202D23F100730F2A /* AppDelegate.swift in Sources */,
			);
			runOnlyForDeploymentPostprocessing = 0;
		};
		1BEEA241202D23F100730F2A /* Sources */ = {
			isa = PBXSourcesBuildPhase;
			buildActionMask = 2147483647;
			files = (
				1BEEA24A202D23F100730F2A /* To_Do_List_2_0Tests.swift in Sources */,
			);
			runOnlyForDeploymentPostprocessing = 0;
		};
		1BEEA24C202D23F100730F2A /* Sources */ = {
			isa = PBXSourcesBuildPhase;
			buildActionMask = 2147483647;
			files = (
				1BEEA255202D23F100730F2A /* To_Do_List_2_0UITests.swift in Sources */,
			);
			runOnlyForDeploymentPostprocessing = 0;
		};
/* End PBXSourcesBuildPhase section */

/* Begin PBXTargetDependency section */
		1BEEA247202D23F100730F2A /* PBXTargetDependency */ = {
			isa = PBXTargetDependency;
			target = 1BEEA22D202D23F100730F2A /* To Do List 2.0 */;
			targetProxy = 1BEEA246202D23F100730F2A /* PBXContainerItemProxy */;
		};
		1BEEA252202D23F100730F2A /* PBXTargetDependency */ = {
			isa = PBXTargetDependency;
			target = 1BEEA22D202D23F100730F2A /* To Do List 2.0 */;
			targetProxy = 1BEEA251202D23F100730F2A /* PBXContainerItemProxy */;
		};
/* End PBXTargetDependency section */

/* Begin PBXVariantGroup section */
		1BEEA235202D23F100730F2A /* Main.storyboard */ = {
			isa = PBXVariantGroup;
			children = (
				1BEEA236202D23F100730F2A /* Base */,
			);
			name = Main.storyboard;
			sourceTree = "<group>";
		};
		1BEEA23D202D23F100730F2A /* LaunchScreen.storyboard */ = {
			isa = PBXVariantGroup;
			children = (
				1BEEA23E202D23F100730F2A /* Base */,
			);
			name = LaunchScreen.storyboard;
			sourceTree = "<group>";
		};
/* End PBXVariantGroup section */

/* Begin XCBuildConfiguration section */
		1BEEA257202D23F100730F2A /* Debug */ = {
			isa = XCBuildConfiguration;
			buildSettings = {
				ALWAYS_SEARCH_USER_PATHS = NO;
				CLANG_ANALYZER_NONNULL = YES;
				CLANG_ANALYZER_NUMBER_OBJECT_CONVERSION = YES_AGGRESSIVE;
				CLANG_CXX_LANGUAGE_STANDARD = "gnu++14";
				CLANG_CXX_LIBRARY = "libc++";
				CLANG_ENABLE_MODULES = YES;
				CLANG_ENABLE_OBJC_ARC = YES;
				CLANG_WARN_BLOCK_CAPTURE_AUTORELEASING = YES;
				CLANG_WARN_BOOL_CONVERSION = YES;
				CLANG_WARN_COMMA = YES;
				CLANG_WARN_CONSTANT_CONVERSION = YES;
				CLANG_WARN_DIRECT_OBJC_ISA_USAGE = YES_ERROR;
				CLANG_WARN_DOCUMENTATION_COMMENTS = YES;
				CLANG_WARN_EMPTY_BODY = YES;
				CLANG_WARN_ENUM_CONVERSION = YES;
				CLANG_WARN_INFINITE_RECURSION = YES;
				CLANG_WARN_INT_CONVERSION = YES;
				CLANG_WARN_NON_LITERAL_NULL_CONVERSION = YES;
				CLANG_WARN_OBJC_LITERAL_CONVERSION = YES;
				CLANG_WARN_OBJC_ROOT_CLASS = YES_ERROR;
				CLANG_WARN_RANGE_LOOP_ANALYSIS = YES;
				CLANG_WARN_STRICT_PROTOTYPES = YES;
				CLANG_WARN_SUSPICIOUS_MOVE = YES;
				CLANG_WARN_UNGUARDED_AVAILABILITY = YES_AGGRESSIVE;
				CLANG_WARN_UNREACHABLE_CODE = YES;
				CLANG_WARN__DUPLICATE_METHOD_MATCH = YES;
				CODE_SIGN_IDENTITY = "iPhone Developer";
				COPY_PHASE_STRIP = NO;
				DEBUG_INFORMATION_FORMAT = dwarf;
				ENABLE_STRICT_OBJC_MSGSEND = YES;
				ENABLE_TESTABILITY = YES;
				GCC_C_LANGUAGE_STANDARD = gnu11;
				GCC_DYNAMIC_NO_PIC = NO;
				GCC_NO_COMMON_BLOCKS = YES;
				GCC_OPTIMIZATION_LEVEL = 0;
				GCC_PREPROCESSOR_DEFINITIONS = (
					"DEBUG=1",
					"$(inherited)",
				);
				GCC_WARN_64_TO_32_BIT_CONVERSION = YES;
				GCC_WARN_ABOUT_RETURN_TYPE = YES_ERROR;
				GCC_WARN_UNDECLARED_SELECTOR = YES;
				GCC_WARN_UNINITIALIZED_AUTOS = YES_AGGRESSIVE;
				GCC_WARN_UNUSED_FUNCTION = YES;
				GCC_WARN_UNUSED_VARIABLE = YES;
				IPHONEOS_DEPLOYMENT_TARGET = 11.2;
				MTL_ENABLE_DEBUG_INFO = YES;
				ONLY_ACTIVE_ARCH = YES;
				SDKROOT = iphoneos;
				SWIFT_ACTIVE_COMPILATION_CONDITIONS = DEBUG;
				SWIFT_OPTIMIZATION_LEVEL = "-Onone";
			};
			name = Debug;
		};
		1BEEA258202D23F100730F2A /* Release */ = {
			isa = XCBuildConfiguration;
			buildSettings = {
				ALWAYS_SEARCH_USER_PATHS = NO;
				CLANG_ANALYZER_NONNULL = YES;
				CLANG_ANALYZER_NUMBER_OBJECT_CONVERSION = YES_AGGRESSIVE;
				CLANG_CXX_LANGUAGE_STANDARD = "gnu++14";
				CLANG_CXX_LIBRARY = "libc++";
				CLANG_ENABLE_MODULES = YES;
				CLANG_ENABLE_OBJC_ARC = YES;
				CLANG_WARN_BLOCK_CAPTURE_AUTORELEASING = YES;
				CLANG_WARN_BOOL_CONVERSION = YES;
				CLANG_WARN_COMMA = YES;
				CLANG_WARN_CONSTANT_CONVERSION = YES;
				CLANG_WARN_DIRECT_OBJC_ISA_USAGE = YES_ERROR;
				CLANG_WARN_DOCUMENTATION_COMMENTS = YES;
				CLANG_WARN_EMPTY_BODY = YES;
				CLANG_WARN_ENUM_CONVERSION = YES;
				CLANG_WARN_INFINITE_RECURSION = YES;
				CLANG_WARN_INT_CONVERSION = YES;
				CLANG_WARN_NON_LITERAL_NULL_CONVERSION = YES;
				CLANG_WARN_OBJC_LITERAL_CONVERSION = YES;
				CLANG_WARN_OBJC_ROOT_CLASS = YES_ERROR;
				CLANG_WARN_RANGE_LOOP_ANALYSIS = YES;
				CLANG_WARN_STRICT_PROTOTYPES = YES;
				CLANG_WARN_SUSPICIOUS_MOVE = YES;
				CLANG_WARN_UNGUARDED_AVAILABILITY = YES_AGGRESSIVE;
				CLANG_WARN_UNREACHABLE_CODE = YES;
				CLANG_WARN__DUPLICATE_METHOD_MATCH = YES;
				CODE_SIGN_IDENTITY = "iPhone Developer";
				COPY_PHASE_STRIP = NO;
				DEBUG_INFORMATION_FORMAT = "dwarf-with-dsym";
				ENABLE_NS_ASSERTIONS = NO;
				ENABLE_STRICT_OBJC_MSGSEND = YES;
				GCC_C_LANGUAGE_STANDARD = gnu11;
				GCC_NO_COMMON_BLOCKS = YES;
				GCC_WARN_64_TO_32_BIT_CONVERSION = YES;
				GCC_WARN_ABOUT_RETURN_TYPE = YES_ERROR;
				GCC_WARN_UNDECLARED_SELECTOR = YES;
				GCC_WARN_UNINITIALIZED_AUTOS = YES_AGGRESSIVE;
				GCC_WARN_UNUSED_FUNCTION = YES;
				GCC_WARN_UNUSED_VARIABLE = YES;
				IPHONEOS_DEPLOYMENT_TARGET = 11.2;
				MTL_ENABLE_DEBUG_INFO = NO;
				SDKROOT = iphoneos;
				SWIFT_OPTIMIZATION_LEVEL = "-Owholemodule";
				VALIDATE_PRODUCT = YES;
			};
			name = Release;
		};
		1BEEA25A202D23F100730F2A /* Debug */ = {
			isa = XCBuildConfiguration;
			baseConfigurationReference = 49F3C5F47795AEF22F86CA6D /* Pods-To Do List 2.0.debug.xcconfig */;
			buildSettings = {
				ASSETCATALOG_COMPILER_APPICON_NAME = AppIcon;
				CODE_SIGN_STYLE = Automatic;
				DEVELOPMENT_TEAM = 28HBU7HFJG;
				INFOPLIST_FILE = "To Do List 2.0/Info.plist";
				LD_RUNPATH_SEARCH_PATHS = "$(inherited) @executable_path/Frameworks";
				PRODUCT_BUNDLE_IDENTIFIER = "com.yuefunglee.To-Do-List-2-0";
				PRODUCT_NAME = "$(TARGET_NAME)";
				SWIFT_VERSION = 4.0;
				TARGETED_DEVICE_FAMILY = "1,2";
			};
			name = Debug;
		};
		1BEEA25B202D23F100730F2A /* Release */ = {
			isa = XCBuildConfiguration;
			baseConfigurationReference = 2A5D3319CA98E89BD71251FA /* Pods-To Do List 2.0.release.xcconfig */;
			buildSettings = {
				ASSETCATALOG_COMPILER_APPICON_NAME = AppIcon;
				CODE_SIGN_STYLE = Automatic;
				DEVELOPMENT_TEAM = 28HBU7HFJG;
				INFOPLIST_FILE = "To Do List 2.0/Info.plist";
				LD_RUNPATH_SEARCH_PATHS = "$(inherited) @executable_path/Frameworks";
				PRODUCT_BUNDLE_IDENTIFIER = "com.yuefunglee.To-Do-List-2-0";
				PRODUCT_NAME = "$(TARGET_NAME)";
				SWIFT_VERSION = 4.0;
				TARGETED_DEVICE_FAMILY = "1,2";
			};
			name = Release;
		};
		1BEEA25D202D23F100730F2A /* Debug */ = {
			isa = XCBuildConfiguration;
			baseConfigurationReference = 8F56C8AC15512B7E00A56F79 /* Pods-To Do List 2.0Tests.debug.xcconfig */;
			buildSettings = {
				ALWAYS_EMBED_SWIFT_STANDARD_LIBRARIES = YES;
				BUNDLE_LOADER = "$(TEST_HOST)";
				CODE_SIGN_STYLE = Automatic;
				DEVELOPMENT_TEAM = 28HBU7HFJG;
				INFOPLIST_FILE = "To Do List 2.0Tests/Info.plist";
				LD_RUNPATH_SEARCH_PATHS = "$(inherited) @executable_path/Frameworks @loader_path/Frameworks";
				PRODUCT_BUNDLE_IDENTIFIER = "com.yuefunglee.To-Do-List-2-0Tests";
				PRODUCT_NAME = "$(TARGET_NAME)";
				SWIFT_VERSION = 4.0;
				TARGETED_DEVICE_FAMILY = "1,2";
				TEST_HOST = "$(BUILT_PRODUCTS_DIR)/To Do List 2.0.app/To Do List 2.0";
			};
			name = Debug;
		};
		1BEEA25E202D23F100730F2A /* Release */ = {
			isa = XCBuildConfiguration;
			baseConfigurationReference = 50288F09BF0E9C1659217F72 /* Pods-To Do List 2.0Tests.release.xcconfig */;
			buildSettings = {
				ALWAYS_EMBED_SWIFT_STANDARD_LIBRARIES = YES;
				BUNDLE_LOADER = "$(TEST_HOST)";
				CODE_SIGN_STYLE = Automatic;
				DEVELOPMENT_TEAM = 28HBU7HFJG;
				INFOPLIST_FILE = "To Do List 2.0Tests/Info.plist";
				LD_RUNPATH_SEARCH_PATHS = "$(inherited) @executable_path/Frameworks @loader_path/Frameworks";
				PRODUCT_BUNDLE_IDENTIFIER = "com.yuefunglee.To-Do-List-2-0Tests";
				PRODUCT_NAME = "$(TARGET_NAME)";
				SWIFT_VERSION = 4.0;
				TARGETED_DEVICE_FAMILY = "1,2";
				TEST_HOST = "$(BUILT_PRODUCTS_DIR)/To Do List 2.0.app/To Do List 2.0";
			};
			name = Release;
		};
		1BEEA260202D23F100730F2A /* Debug */ = {
			isa = XCBuildConfiguration;
			baseConfigurationReference = 30AB666ADACF28715541C246 /* Pods-To Do List 2.0UITests.debug.xcconfig */;
			buildSettings = {
				ALWAYS_EMBED_SWIFT_STANDARD_LIBRARIES = YES;
				CODE_SIGN_STYLE = Automatic;
				DEVELOPMENT_TEAM = 28HBU7HFJG;
				INFOPLIST_FILE = "To Do List 2.0UITests/Info.plist";
				LD_RUNPATH_SEARCH_PATHS = "$(inherited) @executable_path/Frameworks @loader_path/Frameworks";
				PRODUCT_BUNDLE_IDENTIFIER = "com.yuefunglee.To-Do-List-2-0UITests";
				PRODUCT_NAME = "$(TARGET_NAME)";
				SWIFT_VERSION = 4.0;
				TARGETED_DEVICE_FAMILY = "1,2";
				TEST_TARGET_NAME = "To Do List 2.0";
			};
			name = Debug;
		};
		1BEEA261202D23F100730F2A /* Release */ = {
			isa = XCBuildConfiguration;
			baseConfigurationReference = 931A2221EC1BD737017DE677 /* Pods-To Do List 2.0UITests.release.xcconfig */;
			buildSettings = {
				ALWAYS_EMBED_SWIFT_STANDARD_LIBRARIES = YES;
				CODE_SIGN_STYLE = Automatic;
				DEVELOPMENT_TEAM = 28HBU7HFJG;
				INFOPLIST_FILE = "To Do List 2.0UITests/Info.plist";
				LD_RUNPATH_SEARCH_PATHS = "$(inherited) @executable_path/Frameworks @loader_path/Frameworks";
				PRODUCT_BUNDLE_IDENTIFIER = "com.yuefunglee.To-Do-List-2-0UITests";
				PRODUCT_NAME = "$(TARGET_NAME)";
				SWIFT_VERSION = 4.0;
				TARGETED_DEVICE_FAMILY = "1,2";
				TEST_TARGET_NAME = "To Do List 2.0";
			};
			name = Release;
		};
/* End XCBuildConfiguration section */

/* Begin XCConfigurationList section */
		1BEEA229202D23F100730F2A /* Build configuration list for PBXProject "To Do List 2.0" */ = {
			isa = XCConfigurationList;
			buildConfigurations = (
				1BEEA257202D23F100730F2A /* Debug */,
				1BEEA258202D23F100730F2A /* Release */,
			);
			defaultConfigurationIsVisible = 0;
			defaultConfigurationName = Release;
		};
		1BEEA259202D23F100730F2A /* Build configuration list for PBXNativeTarget "To Do List 2.0" */ = {
			isa = XCConfigurationList;
			buildConfigurations = (
				1BEEA25A202D23F100730F2A /* Debug */,
				1BEEA25B202D23F100730F2A /* Release */,
			);
			defaultConfigurationIsVisible = 0;
			defaultConfigurationName = Release;
		};
		1BEEA25C202D23F100730F2A /* Build configuration list for PBXNativeTarget "To Do List 2.0Tests" */ = {
			isa = XCConfigurationList;
			buildConfigurations = (
				1BEEA25D202D23F100730F2A /* Debug */,
				1BEEA25E202D23F100730F2A /* Release */,
			);
			defaultConfigurationIsVisible = 0;
			defaultConfigurationName = Release;
		};
		1BEEA25F202D23F100730F2A /* Build configuration list for PBXNativeTarget "To Do List 2.0UITests" */ = {
			isa = XCConfigurationList;
			buildConfigurations = (
				1BEEA260202D23F100730F2A /* Debug */,
				1BEEA261202D23F100730F2A /* Release */,
			);
			defaultConfigurationIsVisible = 0;
			defaultConfigurationName = Release;
		};
/* End XCConfigurationList section */

/* Begin XCVersionGroup section */
		1BEEA238202D23F100730F2A /* To_Do_List_2_0.xcdatamodeld */ = {
			isa = XCVersionGroup;
			children = (
				1BEEA239202D23F100730F2A /* To_Do_List_2_0.xcdatamodel */,
			);
			currentVersion = 1BEEA239202D23F100730F2A /* To_Do_List_2_0.xcdatamodel */;
			path = To_Do_List_2_0.xcdatamodeld;
			sourceTree = "<group>";
			versionGroupType = wrapper.xcdatamodel;
		};
/* End XCVersionGroup section */
	};
	rootObject = 1BEEA226202D23F100730F2A /* Project object */;
}
